
Microsoft Visual Studio Solution File, Format Version 12.00
# Visual Studio Version 16
VisualStudioVersion = 16.0.30223.230
MinimumVisualStudioVersion = 10.0.40219.1
Project("{FAE04EC0-301F-11D3-BF4B-00C04F79EFBC}") = "WebCommandBroker", "WebCommandBroker\WebCommandBroker.csproj", "{A2EB0084-7C2B-4AD5-AE41-6419BD7AE553}"
EndProject
Global
	GlobalSection(SolutionConfigurationPlatforms) = preSolution
		Debug|Any CPU = Debug|Any CPU
		Release|Any CPU = Release|Any CPU
	EndGlobalSection
	GlobalSection(ProjectConfigurationPlatforms) = postSolution
		{A2EB0084-7C2B-4AD5-AE41-6419BD7AE553}.Debug|Any CPU.ActiveCfg = Debug|Any CPU
		{A2EB0084-7C2B-4AD5-AE41-6419BD7AE553}.Debug|Any CPU.Build.0 = Debug|Any CPU
		{A2EB0084-7C2B-4AD5-AE41-6419BD7AE553}.Release|Any CPU.ActiveCfg = Release|Any CPU
		{A2EB0084-7C2B-4AD5-AE41-6419BD7AE553}.Release|Any CPU.Build.0 = Release|Any CPU
	EndGlobalSection
	GlobalSection(SolutionProperties) = preSolution
		HideSolutionNode = FALSE
	EndGlobalSection
	GlobalSection(ExtensibilityGlobals) = postSolution
		SolutionGuid = {687B354E-B3BE-4F58-9A6D-9D682E53EAF5}
	EndGlobalSection
EndGlobal
